
Microsoft Visual Studio Solution File, Format Version 12.00
# Visual Studio Version 17
VisualStudioVersion = 17.5.33424.131
MinimumVisualStudioVersion = 10.0.40219.1
Project("{FAE04EC0-301F-11D3-BF4B-00C04F79EFBC}") = "WpfLesson2", "WpfLesson2\WpfLesson2.csproj", "{A7127564-DC30-4EC4-AFBE-9C46F48C56E3}"
EndProject
Project("{FAE04EC0-301F-11D3-BF4B-00C04F79EFBC}") = "WpfCustomControlLibrary1", "WpfCustomControlLibrary1\WpfCustomControlLibrary1.csproj", "{237E2399-AA1E-4BC0-91E2-0D9EE0A90A0A}"
EndProject
Global
	GlobalSection(SolutionConfigurationPlatforms) = preSolution
		Debug|Any CPU = Debug|Any CPU
		Release|Any CPU = Release|Any CPU
	EndGlobalSection
	GlobalSection(ProjectConfigurationPlatforms) = postSolution
		{A7127564-DC30-4EC4-AFBE-9C46F48C56E3}.Debug|Any CPU.ActiveCfg = Debug|Any CPU
		{A7127564-DC30-4EC4-AFBE-9C46F48C56E3}.Debug|Any CPU.Build.0 = Debug|Any CPU
		{A7127564-DC30-4EC4-AFBE-9C46F48C56E3}.Release|Any CPU.ActiveCfg = Release|Any CPU
		{A7127564-DC30-4EC4-AFBE-9C46F48C56E3}.Release|Any CPU.Build.0 = Release|Any CPU
		{237E2399-AA1E-4BC0-91E2-0D9EE0A90A0A}.Debug|Any CPU.ActiveCfg = Debug|Any CPU
		{237E2399-AA1E-4BC0-91E2-0D9EE0A90A0A}.Debug|Any CPU.Build.0 = Debug|Any CPU
		{237E2399-AA1E-4BC0-91E2-0D9EE0A90A0A}.Release|Any CPU.ActiveCfg = Release|Any CPU
		{237E2399-AA1E-4BC0-91E2-0D9EE0A90A0A}.Release|Any CPU.Build.0 = Release|Any CPU
	EndGlobalSection
	GlobalSection(SolutionProperties) = preSolution
		HideSolutionNode = FALSE
	EndGlobalSection
	GlobalSection(ExtensibilityGlobals) = postSolution
		SolutionGuid = {18FE9252-3F30-4470-9EF2-946140154F42}
	EndGlobalSection
EndGlobal
